{
  "nodes": {
    "nixpkgs": {
      "locked": {
        "lastModified": 1622197592,
        "narHash": "sha256-MS2v6/oDzW5uej8fnjg0v//WWVvEdNooP4plG2AdMGQ=",
        "owner": "NixOS",
        "repo": "nixpkgs",
        "rev": "85960bea533dc2d89dff8836d8a0a1239ddd5c9c",
        "type": "github"
      },
      "original": {
        "owner": "NixOS",
        "repo": "nixpkgs",
        "rev": "85960bea533dc2d89dff8836d8a0a1239ddd5c9c",
        "type": "github"
      }
    },
    "root": {
      "inputs": {
        "nixpkgs": "nixpkgs"
      }
    }
  },
  "root": "root",
  "version": 7
}
