{
  "nodes": {
    "nixpkgs": {
      "locked": {
        "lastModified": 1622577619,
        "narHash": "sha256-ODWgeRVXJz++vvapHSNO2G7AACfRjQoWMomuLhl+OcQ=",
        "owner": "NixOS",
        "repo": "nixpkgs",
        "rev": "5237039cc1e7633a7697ed7999afd1f80d91ff14",
        "type": "github"
      },
      "original": {
        "owner": "NixOS",
        "repo": "nixpkgs",
        "rev": "5237039cc1e7633a7697ed7999afd1f80d91ff14",
        "type": "github"
      }
    },
    "root": {
      "inputs": {
        "nixpkgs": "nixpkgs"
      }
    }
  },
  "root": "root",
  "version": 7
}
